
Microsoft Visual Studio Solution File, Format Version 12.00
# Visual Studio 15
VisualStudioVersion = 15.0.28124.53
MinimumVisualStudioVersion = 10.0.40219.1
Project("{F184B08F-C81C-45F6-A57F-5ABD9991F28F}") = "WindowsApp1", "WindowsApp1\WindowsApp1.vbproj", "{7F8A343A-E9AC-4E9B-86BD-F3DB4CE44AE5}"
EndProject
Project("{F184B08F-C81C-45F6-A57F-5ABD9991F28F}") = "WindowsApp2", "WindowsApp2\WindowsApp2.vbproj", "{FFFF5EDB-91EB-4641-A923-66312B5B2CBF}"
EndProject
Project("{F184B08F-C81C-45F6-A57F-5ABD9991F28F}") = "WindowsApp3", "WindowsApp3\WindowsApp3.vbproj", "{300434C6-E0B4-4C1E-A20D-726272A02DA1}"
EndProject
Project("{F184B08F-C81C-45F6-A57F-5ABD9991F28F}") = "WindowsApp4", "WindowsApp4\WindowsApp4.vbproj", "{E6CF94A4-C56B-43D1-BBC2-DA415AE0E8A9}"
EndProject
Project("{F184B08F-C81C-45F6-A57F-5ABD9991F28F}") = "WindowsApp5", "WindowsApp5\WindowsApp5.vbproj", "{67612142-1460-4037-819B-606B867C0F01}"
EndProject
Project("{F184B08F-C81C-45F6-A57F-5ABD9991F28F}") = "WindowsApp6", "WindowsApp6\WindowsApp6.vbproj", "{9E4BFFA9-28A8-4E35-958B-7AC97D4CAD65}"
EndProject
Project("{F184B08F-C81C-45F6-A57F-5ABD9991F28F}") = "WindowsApp7", "WindowsApp7\WindowsApp7.vbproj", "{84A0C375-C69B-4DEF-AA0C-8A14E7EFA713}"
EndProject
Project("{F184B08F-C81C-45F6-A57F-5ABD9991F28F}") = "ProyFin1Tema2", "ProyFinTema2\ProyFin1Tema2.vbproj", "{C24F15D5-18B5-4354-B257-18119A7FD27A}"
EndProject
Project("{F184B08F-C81C-45F6-A57F-5ABD9991F28F}") = "WindowsApp8", "WindowsApp8\WindowsApp8.vbproj", "{A30FFED0-F883-4546-8842-E606EDC22952}"
EndProject
Project("{F184B08F-C81C-45F6-A57F-5ABD9991F28F}") = "WindowsApp9", "WindowsApp9\WindowsApp9.vbproj", "{1C60901B-1A70-4FA8-AC56-E7961C0BA646}"
EndProject
Project("{F184B08F-C81C-45F6-A57F-5ABD9991F28F}") = "WindowsApp10", "WindowsApp10\WindowsApp10.vbproj", "{D7E96FDF-0A73-4DDB-8D19-839CD3DD550E}"
EndProject
Project("{F184B08F-C81C-45F6-A57F-5ABD9991F28F}") = "WindowsApp11", "WindowsApp11\WindowsApp11.vbproj", "{D3792281-6D00-4233-895A-83E33DD17B8A}"
EndProject
Project("{F184B08F-C81C-45F6-A57F-5ABD9991F28F}") = "ProyFin2Tema2", "ProyFin2Tema2\ProyFin2Tema2.vbproj", "{7316B38F-5AA1-4B65-8864-9B1F73E7DCD0}"
EndProject
Project("{F184B08F-C81C-45F6-A57F-5ABD9991F28F}") = "WindowsApp12", "WindowsApp12\WindowsApp12.vbproj", "{D2FC2DEC-4F89-4574-84EC-82F5034DE1EC}"
EndProject
Project("{F184B08F-C81C-45F6-A57F-5ABD9991F28F}") = "WindowsApp13", "WindowsApp13\WindowsApp13.vbproj", "{5EF0D841-AB17-4905-B909-8C70F5DF290F}"
EndProject
Project("{F184B08F-C81C-45F6-A57F-5ABD9991F28F}") = "WindowsApp14", "WindowsApp14\WindowsApp14.vbproj", "{7594BD4E-24EF-4FB5-B5F4-EF278D6D5B82}"
EndProject
Global
	GlobalSection(SolutionConfigurationPlatforms) = preSolution
		Debug|Any CPU = Debug|Any CPU
		Release|Any CPU = Release|Any CPU
	EndGlobalSection
	GlobalSection(ProjectConfigurationPlatforms) = postSolution
		{7F8A343A-E9AC-4E9B-86BD-F3DB4CE44AE5}.Debug|Any CPU.ActiveCfg = Debug|Any CPU
		{7F8A343A-E9AC-4E9B-86BD-F3DB4CE44AE5}.Debug|Any CPU.Build.0 = Debug|Any CPU
		{7F8A343A-E9AC-4E9B-86BD-F3DB4CE44AE5}.Release|Any CPU.ActiveCfg = Release|Any CPU
		{7F8A343A-E9AC-4E9B-86BD-F3DB4CE44AE5}.Release|Any CPU.Build.0 = Release|Any CPU
		{FFFF5EDB-91EB-4641-A923-66312B5B2CBF}.Debug|Any CPU.ActiveCfg = Debug|Any CPU
		{FFFF5EDB-91EB-4641-A923-66312B5B2CBF}.Debug|Any CPU.Build.0 = Debug|Any CPU
		{FFFF5EDB-91EB-4641-A923-66312B5B2CBF}.Release|Any CPU.ActiveCfg = Release|Any CPU
		{FFFF5EDB-91EB-4641-A923-66312B5B2CBF}.Release|Any CPU.Build.0 = Release|Any CPU
		{300434C6-E0B4-4C1E-A20D-726272A02DA1}.Debug|Any CPU.ActiveCfg = Debug|Any CPU
		{300434C6-E0B4-4C1E-A20D-726272A02DA1}.Debug|Any CPU.Build.0 = Debug|Any CPU
		{300434C6-E0B4-4C1E-A20D-726272A02DA1}.Release|Any CPU.ActiveCfg = Release|Any CPU
		{300434C6-E0B4-4C1E-A20D-726272A02DA1}.Release|Any CPU.Build.0 = Release|Any CPU
		{E6CF94A4-C56B-43D1-BBC2-DA415AE0E8A9}.Debug|Any CPU.ActiveCfg = Debug|Any CPU
		{E6CF94A4-C56B-43D1-BBC2-DA415AE0E8A9}.Debug|Any CPU.Build.0 = Debug|Any CPU
		{E6CF94A4-C56B-43D1-BBC2-DA415AE0E8A9}.Release|Any CPU.ActiveCfg = Release|Any CPU
		{E6CF94A4-C56B-43D1-BBC2-DA415AE0E8A9}.Release|Any CPU.Build.0 = Release|Any CPU
		{67612142-1460-4037-819B-606B867C0F01}.Debug|Any CPU.ActiveCfg = Debug|Any CPU
		{67612142-1460-4037-819B-606B867C0F01}.Debug|Any CPU.Build.0 = Debug|Any CPU
		{67612142-1460-4037-819B-606B867C0F01}.Release|Any CPU.ActiveCfg = Release|Any CPU
		{67612142-1460-4037-819B-606B867C0F01}.Release|Any CPU.Build.0 = Release|Any CPU
		{9E4BFFA9-28A8-4E35-958B-7AC97D4CAD65}.Debug|Any CPU.ActiveCfg = Debug|Any CPU
		{9E4BFFA9-28A8-4E35-958B-7AC97D4CAD65}.Debug|Any CPU.Build.0 = Debug|Any CPU
		{9E4BFFA9-28A8-4E35-958B-7AC97D4CAD65}.Release|Any CPU.ActiveCfg = Release|Any CPU
		{9E4BFFA9-28A8-4E35-958B-7AC97D4CAD65}.Release|Any CPU.Build.0 = Release|Any CPU
		{84A0C375-C69B-4DEF-AA0C-8A14E7EFA713}.Debug|Any CPU.ActiveCfg = Debug|Any CPU
		{84A0C375-C69B-4DEF-AA0C-8A14E7EFA713}.Debug|Any CPU.Build.0 = Debug|Any CPU
		{84A0C375-C69B-4DEF-AA0C-8A14E7EFA713}.Release|Any CPU.ActiveCfg = Release|Any CPU
		{84A0C375-C69B-4DEF-AA0C-8A14E7EFA713}.Release|Any CPU.Build.0 = Release|Any CPU
		{C24F15D5-18B5-4354-B257-18119A7FD27A}.Debug|Any CPU.ActiveCfg = Debug|Any CPU
		{C24F15D5-18B5-4354-B257-18119A7FD27A}.Debug|Any CPU.Build.0 = Debug|Any CPU
		{C24F15D5-18B5-4354-B257-18119A7FD27A}.Release|Any CPU.ActiveCfg = Release|Any CPU
		{C24F15D5-18B5-4354-B257-18119A7FD27A}.Release|Any CPU.Build.0 = Release|Any CPU
		{A30FFED0-F883-4546-8842-E606EDC22952}.Debug|Any CPU.ActiveCfg = Debug|Any CPU
		{A30FFED0-F883-4546-8842-E606EDC22952}.Debug|Any CPU.Build.0 = Debug|Any CPU
		{A30FFED0-F883-4546-8842-E606EDC22952}.Release|Any CPU.ActiveCfg = Release|Any CPU
		{A30FFED0-F883-4546-8842-E606EDC22952}.Release|Any CPU.Build.0 = Release|Any CPU
		{1C60901B-1A70-4FA8-AC56-E7961C0BA646}.Debug|Any CPU.ActiveCfg = Debug|Any CPU
		{1C60901B-1A70-4FA8-AC56-E7961C0BA646}.Debug|Any CPU.Build.0 = Debug|Any CPU
		{1C60901B-1A70-4FA8-AC56-E7961C0BA646}.Release|Any CPU.ActiveCfg = Release|Any CPU
		{1C60901B-1A70-4FA8-AC56-E7961C0BA646}.Release|Any CPU.Build.0 = Release|Any CPU
		{D7E96FDF-0A73-4DDB-8D19-839CD3DD550E}.Debug|Any CPU.ActiveCfg = Debug|Any CPU
		{D7E96FDF-0A73-4DDB-8D19-839CD3DD550E}.Debug|Any CPU.Build.0 = Debug|Any CPU
		{D7E96FDF-0A73-4DDB-8D19-839CD3DD550E}.Release|Any CPU.ActiveCfg = Release|Any CPU
		{D7E96FDF-0A73-4DDB-8D19-839CD3DD550E}.Release|Any CPU.Build.0 = Release|Any CPU
		{D3792281-6D00-4233-895A-83E33DD17B8A}.Debug|Any CPU.ActiveCfg = Debug|Any CPU
		{D3792281-6D00-4233-895A-83E33DD17B8A}.Debug|Any CPU.Build.0 = Debug|Any CPU
		{D3792281-6D00-4233-895A-83E33DD17B8A}.Release|Any CPU.ActiveCfg = Release|Any CPU
		{D3792281-6D00-4233-895A-83E33DD17B8A}.Release|Any CPU.Build.0 = Release|Any CPU
		{7316B38F-5AA1-4B65-8864-9B1F73E7DCD0}.Debug|Any CPU.ActiveCfg = Debug|Any CPU
		{7316B38F-5AA1-4B65-8864-9B1F73E7DCD0}.Debug|Any CPU.Build.0 = Debug|Any CPU
		{7316B38F-5AA1-4B65-8864-9B1F73E7DCD0}.Release|Any CPU.ActiveCfg = Release|Any CPU
		{7316B38F-5AA1-4B65-8864-9B1F73E7DCD0}.Release|Any CPU.Build.0 = Release|Any CPU
		{D2FC2DEC-4F89-4574-84EC-82F5034DE1EC}.Debug|Any CPU.ActiveCfg = Debug|Any CPU
		{D2FC2DEC-4F89-4574-84EC-82F5034DE1EC}.Debug|Any CPU.Build.0 = Debug|Any CPU
		{D2FC2DEC-4F89-4574-84EC-82F5034DE1EC}.Release|Any CPU.ActiveCfg = Release|Any CPU
		{D2FC2DEC-4F89-4574-84EC-82F5034DE1EC}.Release|Any CPU.Build.0 = Release|Any CPU
		{5EF0D841-AB17-4905-B909-8C70F5DF290F}.Debug|Any CPU.ActiveCfg = Debug|Any CPU
		{5EF0D841-AB17-4905-B909-8C70F5DF290F}.Debug|Any CPU.Build.0 = Debug|Any CPU
		{5EF0D841-AB17-4905-B909-8C70F5DF290F}.Release|Any CPU.ActiveCfg = Release|Any CPU
		{5EF0D841-AB17-4905-B909-8C70F5DF290F}.Release|Any CPU.Build.0 = Release|Any CPU
		{7594BD4E-24EF-4FB5-B5F4-EF278D6D5B82}.Debug|Any CPU.ActiveCfg = Debug|Any CPU
		{7594BD4E-24EF-4FB5-B5F4-EF278D6D5B82}.Debug|Any CPU.Build.0 = Debug|Any CPU
		{7594BD4E-24EF-4FB5-B5F4-EF278D6D5B82}.Release|Any CPU.ActiveCfg = Release|Any CPU
		{7594BD4E-24EF-4FB5-B5F4-EF278D6D5B82}.Release|Any CPU.Build.0 = Release|Any CPU
	EndGlobalSection
	GlobalSection(SolutionProperties) = preSolution
		HideSolutionNode = FALSE
	EndGlobalSection
	GlobalSection(ExtensibilityGlobals) = postSolution
		SolutionGuid = {4B0B4AEC-E4E5-4C37-81A0-2CB92F87E784}
	EndGlobalSection
EndGlobal
