
Microsoft Visual Studio Solution File, Format Version 12.00
# Visual Studio 15
VisualStudioVersion = 15.0.28010.2048
MinimumVisualStudioVersion = 10.0.40219.1
Project("{F184B08F-C81C-45F6-A57F-5ABD9991F28F}") = "correoElectronico", "correoElectronico\correoElectronico.vbproj", "{42FBEC14-4C98-4ECD-9EBF-9626CA3719D4}"
EndProject
Global
	GlobalSection(SolutionConfigurationPlatforms) = preSolution
		Debug|Any CPU = Debug|Any CPU
		Release|Any CPU = Release|Any CPU
	EndGlobalSection
	GlobalSection(ProjectConfigurationPlatforms) = postSolution
		{42FBEC14-4C98-4ECD-9EBF-9626CA3719D4}.Debug|Any CPU.ActiveCfg = Debug|Any CPU
		{42FBEC14-4C98-4ECD-9EBF-9626CA3719D4}.Debug|Any CPU.Build.0 = Debug|Any CPU
		{42FBEC14-4C98-4ECD-9EBF-9626CA3719D4}.Release|Any CPU.ActiveCfg = Release|Any CPU
		{42FBEC14-4C98-4ECD-9EBF-9626CA3719D4}.Release|Any CPU.Build.0 = Release|Any CPU
	EndGlobalSection
	GlobalSection(SolutionProperties) = preSolution
		HideSolutionNode = FALSE
	EndGlobalSection
	GlobalSection(ExtensibilityGlobals) = postSolution
		SolutionGuid = {87EA2503-DB04-4DBC-95EF-28BA770F45F9}
	EndGlobalSection
EndGlobal
