
Microsoft Visual Studio Solution File, Format Version 12.00
# Visual Studio 15
VisualStudioVersion = 15.0.28010.2041
MinimumVisualStudioVersion = 10.0.40219.1
Project("{F184B08F-C81C-45F6-A57F-5ABD9991F28F}") = "WindowsApp1", "WindowsApp1\WindowsApp1.vbproj", "{33302C77-BCF2-4044-88B9-7077E06E25EF}"
EndProject
Global
	GlobalSection(SolutionConfigurationPlatforms) = preSolution
		Debug|Any CPU = Debug|Any CPU
		Release|Any CPU = Release|Any CPU
	EndGlobalSection
	GlobalSection(ProjectConfigurationPlatforms) = postSolution
		{33302C77-BCF2-4044-88B9-7077E06E25EF}.Debug|Any CPU.ActiveCfg = Debug|Any CPU
		{33302C77-BCF2-4044-88B9-7077E06E25EF}.Debug|Any CPU.Build.0 = Debug|Any CPU
		{33302C77-BCF2-4044-88B9-7077E06E25EF}.Release|Any CPU.ActiveCfg = Release|Any CPU
		{33302C77-BCF2-4044-88B9-7077E06E25EF}.Release|Any CPU.Build.0 = Release|Any CPU
	EndGlobalSection
	GlobalSection(SolutionProperties) = preSolution
		HideSolutionNode = FALSE
	EndGlobalSection
	GlobalSection(ExtensibilityGlobals) = postSolution
		SolutionGuid = {0E8E3ABC-3315-43D1-A823-58562DBD6586}
	EndGlobalSection
EndGlobal
